
Microsoft Visual Studio Solution File, Format Version 12.00
# Visual Studio 15
VisualStudioVersion = 15.0.27130.2036
MinimumVisualStudioVersion = 10.0.40219.1
Project("{FAE04EC0-301F-11D3-BF4B-00C04F79EFBC}") = "DeviceManagementSystem", "DeviceManagementSystem\DeviceManagementSystem.csproj", "{BC43A921-17FD-4554-8877-5DD6786C6E01}"
EndProject
Global
	GlobalSection(SolutionConfigurationPlatforms) = preSolution
		Debug|Any CPU = Debug|Any CPU
		Release|Any CPU = Release|Any CPU
	EndGlobalSection
	GlobalSection(ProjectConfigurationPlatforms) = postSolution
		{BC43A921-17FD-4554-8877-5DD6786C6E01}.Debug|Any CPU.ActiveCfg = Debug|Any CPU
		{BC43A921-17FD-4554-8877-5DD6786C6E01}.Debug|Any CPU.Build.0 = Debug|Any CPU
		{BC43A921-17FD-4554-8877-5DD6786C6E01}.Release|Any CPU.ActiveCfg = Release|Any CPU
		{BC43A921-17FD-4554-8877-5DD6786C6E01}.Release|Any CPU.Build.0 = Release|Any CPU
	EndGlobalSection
	GlobalSection(SolutionProperties) = preSolution
		HideSolutionNode = FALSE
	EndGlobalSection
	GlobalSection(ExtensibilityGlobals) = postSolution
		SolutionGuid = {DDFDFFED-1CCF-44B3-81C5-6B10CB93FF9E}
	EndGlobalSection
EndGlobal
